{
  "name": "playdatesbotdiscordfunctions",
  "version": "1.0.0",
  "lockfileVersion": 1,
  "requires": true,
  "dependencies": {
    "discord-interactions": {
      "version": "2.4.1",
      "resolved": "https://registry.npmjs.org/discord-interactions/-/discord-interactions-2.4.1.tgz",
      "integrity": "sha512-UPSfB47Pf4pn+qllp9hjUr5v+u45BZH9g+1dP4FxA1V4ngRV7hkDSdU2LR8drIPreJAHENPWYdd8rvWPtrdK1Q==",
      "requires": {
        "tweetnacl": "^1.0.3"
      }
    },
    "tweetnacl": {
      "version": "1.0.3",
      "resolved": "https://registry.npmjs.org/tweetnacl/-/tweetnacl-1.0.3.tgz",
      "integrity": "sha512-6rt+RN7aOi1nGMyC4Xa5DdYiukl2UWCbcJft7YhxReBGQD7OAM8Pbxw6YMo4r2diNEA8FEmu32YOn9rhaiE5yw=="
    }
  }
}
